
Microsoft Visual Studio Solution File, Format Version 12.00
# Visual Studio Version 17
VisualStudioVersion = 17.8.34322.80
MinimumVisualStudioVersion = 10.0.40219.1
Project("{9A19103F-16F7-4668-BE54-9A1E7A4F7556}") = "TripPoints", "TripPoints\TripPoints.csproj", "{3C7A98D5-8166-4415-AF52-995E63D87F11}"
EndProject
Project("{FAE04EC0-301F-11D3-BF4B-00C04F79EFBC}") = "TripPoints.Test", "TripPoints.Test\TripPoints.Test.csproj", "{034D052B-DA24-40AF-B70E-D4EABED9E381}"
EndProject
Global
	GlobalSection(SolutionConfigurationPlatforms) = preSolution
		Debug|Any CPU = Debug|Any CPU
		Release|Any CPU = Release|Any CPU
	EndGlobalSection
	GlobalSection(ProjectConfigurationPlatforms) = postSolution
		{3C7A98D5-8166-4415-AF52-995E63D87F11}.Debug|Any CPU.ActiveCfg = Debug|Any CPU
		{3C7A98D5-8166-4415-AF52-995E63D87F11}.Debug|Any CPU.Build.0 = Debug|Any CPU
		{3C7A98D5-8166-4415-AF52-995E63D87F11}.Release|Any CPU.ActiveCfg = Release|Any CPU
		{3C7A98D5-8166-4415-AF52-995E63D87F11}.Release|Any CPU.Build.0 = Release|Any CPU
		{034D052B-DA24-40AF-B70E-D4EABED9E381}.Debug|Any CPU.ActiveCfg = Debug|Any CPU
		{034D052B-DA24-40AF-B70E-D4EABED9E381}.Debug|Any CPU.Build.0 = Debug|Any CPU
		{034D052B-DA24-40AF-B70E-D4EABED9E381}.Release|Any CPU.ActiveCfg = Release|Any CPU
		{034D052B-DA24-40AF-B70E-D4EABED9E381}.Release|Any CPU.Build.0 = Release|Any CPU
	EndGlobalSection
	GlobalSection(SolutionProperties) = preSolution
		HideSolutionNode = FALSE
	EndGlobalSection
	GlobalSection(ExtensibilityGlobals) = postSolution
		SolutionGuid = {41E5B728-27FE-455A-8895-EC3D04CDB694}
	EndGlobalSection
EndGlobal
